
Microsoft Visual Studio Solution File, Format Version 12.00
# Visual Studio Version 16
VisualStudioVersion = 16.0.30204.135
MinimumVisualStudioVersion = 10.0.40219.1
Project("{9A19103F-16F7-4668-BE54-9A1E7A4F7556}") = "OsuAPI.Net", "OsuAPI.Net\OsuAPI.Net.csproj", "{17903DD3-2631-4C63-A47A-C049F1414C81}"
EndProject
Project("{9A19103F-16F7-4668-BE54-9A1E7A4F7556}") = "OsuAPI.Net.Tests", "OsuAPI.Net.Tests\OsuAPI.Net.Tests.csproj", "{236279AF-D56C-4563-8C8B-97B5DB964438}"
EndProject
Global
	GlobalSection(SolutionConfigurationPlatforms) = preSolution
		Debug|Any CPU = Debug|Any CPU
		Release|Any CPU = Release|Any CPU
	EndGlobalSection
	GlobalSection(ProjectConfigurationPlatforms) = postSolution
		{17903DD3-2631-4C63-A47A-C049F1414C81}.Debug|Any CPU.ActiveCfg = Debug|Any CPU
		{17903DD3-2631-4C63-A47A-C049F1414C81}.Debug|Any CPU.Build.0 = Debug|Any CPU
		{17903DD3-2631-4C63-A47A-C049F1414C81}.Release|Any CPU.ActiveCfg = Release|Any CPU
		{17903DD3-2631-4C63-A47A-C049F1414C81}.Release|Any CPU.Build.0 = Release|Any CPU
		{236279AF-D56C-4563-8C8B-97B5DB964438}.Debug|Any CPU.ActiveCfg = Debug|Any CPU
		{236279AF-D56C-4563-8C8B-97B5DB964438}.Debug|Any CPU.Build.0 = Debug|Any CPU
		{236279AF-D56C-4563-8C8B-97B5DB964438}.Release|Any CPU.ActiveCfg = Release|Any CPU
		{236279AF-D56C-4563-8C8B-97B5DB964438}.Release|Any CPU.Build.0 = Release|Any CPU
	EndGlobalSection
	GlobalSection(SolutionProperties) = preSolution
		HideSolutionNode = FALSE
	EndGlobalSection
	GlobalSection(ExtensibilityGlobals) = postSolution
		SolutionGuid = {32B633A1-99C4-425B-9092-3B7B480B4B8A}
	EndGlobalSection
EndGlobal
